
Microsoft Visual Studio Solution File, Format Version 12.00
# Visual Studio Version 17
VisualStudioVersion = 17.0.31903.59
MinimumVisualStudioVersion = 10.0.40219.1
Project("{9A19103F-16F7-4668-BE54-9A1E7A4F7556}") = "WebApp", "WebApp.csproj", "{052B54E7-3C06-4491-91BA-6EC9ABDAB538}"
EndProject
Global
	GlobalSection(SolutionConfigurationPlatforms) = preSolution
		Debug|Any CPU = Debug|Any CPU
		Release|Any CPU = Release|Any CPU
	EndGlobalSection
	GlobalSection(ProjectConfigurationPlatforms) = postSolution
		{052B54E7-3C06-4491-91BA-6EC9ABDAB538}.Debug|Any CPU.ActiveCfg = Debug|Any CPU
		{052B54E7-3C06-4491-91BA-6EC9ABDAB538}.Debug|Any CPU.Build.0 = Debug|Any CPU
		{052B54E7-3C06-4491-91BA-6EC9ABDAB538}.Release|Any CPU.ActiveCfg = Release|Any CPU
		{052B54E7-3C06-4491-91BA-6EC9ABDAB538}.Release|Any CPU.Build.0 = Release|Any CPU
	EndGlobalSection
	GlobalSection(SolutionProperties) = preSolution
		HideSolutionNode = FALSE
	EndGlobalSection
	GlobalSection(ExtensibilityGlobals) = postSolution
		SolutionGuid = {48829DEF-43AC-465E-A678-9FA6D855C82D}
	EndGlobalSection
EndGlobal
